
Microsoft Visual Studio Solution File, Format Version 12.00
# Visual Studio 14
VisualStudioVersion = 14.0.23107.0
MinimumVisualStudioVersion = 10.0.40219.1
Project("{2150E333-8FDC-42A3-9474-1A3956D46DE8}") = "src", "src", "{ECA4FE38-7891-4FB2-85B7-41C197C09790}"
EndProject
Project("{2150E333-8FDC-42A3-9474-1A3956D46DE8}") = "Solution Items", "Solution Items", "{2055B7D6-787B-4131-9450-DA77B35CFDF0}"
	ProjectSection(SolutionItems) = preProject
		global.json = global.json
	EndProjectSection
EndProject
Project("{8BB2217D-0F2D-49D1-97BC-3654ED321F3B}") = "AureliaTypescript", "src\AureliaTypescript\AureliaTypescript.xproj", "{C158C1DC-F875-4DA6-BC30-7AB4FFAD18DA}"
EndProject
Global
	GlobalSection(SolutionConfigurationPlatforms) = preSolution
		Debug|Any CPU = Debug|Any CPU
		Release|Any CPU = Release|Any CPU
	EndGlobalSection
	GlobalSection(ProjectConfigurationPlatforms) = postSolution
		{C158C1DC-F875-4DA6-BC30-7AB4FFAD18DA}.Debug|Any CPU.ActiveCfg = Debug|Any CPU
		{C158C1DC-F875-4DA6-BC30-7AB4FFAD18DA}.Debug|Any CPU.Build.0 = Debug|Any CPU
		{C158C1DC-F875-4DA6-BC30-7AB4FFAD18DA}.Release|Any CPU.ActiveCfg = Release|Any CPU
		{C158C1DC-F875-4DA6-BC30-7AB4FFAD18DA}.Release|Any CPU.Build.0 = Release|Any CPU
	EndGlobalSection
	GlobalSection(SolutionProperties) = preSolution
		HideSolutionNode = FALSE
	EndGlobalSection
	GlobalSection(NestedProjects) = preSolution
		{C158C1DC-F875-4DA6-BC30-7AB4FFAD18DA} = {ECA4FE38-7891-4FB2-85B7-41C197C09790}
	EndGlobalSection
EndGlobal
